
Microsoft Visual Studio Solution File, Format Version 12.00
# Visual Studio 15
VisualStudioVersion = 15.0.27428.2015
MinimumVisualStudioVersion = 10.0.40219.1
Project("{FAE04EC0-301F-11D3-BF4B-00C04F79EFBC}") = "TwitterAccountGenerator", "TwitterAccountGenerator\TwitterAccountGenerator.csproj", "{988650A9-3668-432E-A07E-A8A0FF1B6841}"
EndProject
Global
	GlobalSection(SolutionConfigurationPlatforms) = preSolution
		Debug|Any CPU = Debug|Any CPU
		Release|Any CPU = Release|Any CPU
	EndGlobalSection
	GlobalSection(ProjectConfigurationPlatforms) = postSolution
		{988650A9-3668-432E-A07E-A8A0FF1B6841}.Debug|Any CPU.ActiveCfg = Debug|Any CPU
		{988650A9-3668-432E-A07E-A8A0FF1B6841}.Debug|Any CPU.Build.0 = Debug|Any CPU
		{988650A9-3668-432E-A07E-A8A0FF1B6841}.Release|Any CPU.ActiveCfg = Release|Any CPU
		{988650A9-3668-432E-A07E-A8A0FF1B6841}.Release|Any CPU.Build.0 = Release|Any CPU
	EndGlobalSection
	GlobalSection(SolutionProperties) = preSolution
		HideSolutionNode = FALSE
	EndGlobalSection
	GlobalSection(ExtensibilityGlobals) = postSolution
		SolutionGuid = {0A3CB18A-9A36-4761-997D-B82E603173F8}
	EndGlobalSection
EndGlobal
